
Microsoft Visual Studio Solution File, Format Version 9.00
# Visual Studio 2005
Project("{FAE04EC0-301F-11D3-BF4B-00C04F79EFBC}") = "ScribblerControl", "ScribblerControl.csproj", "{F3F12AD9-007D-4C53-AE73-0D4C5131D7A1}"
EndProject
Global
	GlobalSection(TeamFoundationVersionControl) = preSolution
		SccNumberOfProjects = 1
		SccEnterpriseProvider = {4CA58AB2-18FA-4F8D-95D4-32DDF27D184C}
		SccTeamFoundationServer = http://ipre-server.brynmawr.edu:8080/
		SccProjectUniqueName0 = ScribblerControl.csproj
		SccProjectName0 = .
		SccAuxPath0 = http://ipre-server.brynmawr.edu:8080
		SccLocalPath0 = .
		SccProvider0 = {4CA58AB2-18FA-4F8D-95D4-32DDF27D184C}
	EndGlobalSection
	GlobalSection(SolutionConfigurationPlatforms) = preSolution
		Debug|Any CPU = Debug|Any CPU
		Release|Any CPU = Release|Any CPU
	EndGlobalSection
	GlobalSection(ProjectConfigurationPlatforms) = postSolution
		{F3F12AD9-007D-4C53-AE73-0D4C5131D7A1}.Debug|Any CPU.ActiveCfg = Debug|Any CPU
		{F3F12AD9-007D-4C53-AE73-0D4C5131D7A1}.Debug|Any CPU.Build.0 = Debug|Any CPU
		{F3F12AD9-007D-4C53-AE73-0D4C5131D7A1}.Release|Any CPU.ActiveCfg = Release|Any CPU
		{F3F12AD9-007D-4C53-AE73-0D4C5131D7A1}.Release|Any CPU.Build.0 = Release|Any CPU
	EndGlobalSection
	GlobalSection(SolutionProperties) = preSolution
		HideSolutionNode = FALSE
	EndGlobalSection
EndGlobal
