Microsoft Visual Studio Solution File, Format Version 9.00
# Visual C# Express 2005
Project("{FAE04EC0-301F-11D3-BF4B-00C04F79EFBC}") = "Scribbler", "Scribbler.csproj", "{90C2F23D-A2DD-4EAB-9923-CAAC83BE5416}"
EndProject
Project("{FAE04EC0-301F-11D3-BF4B-00C04F79EFBC}") = "ScribblerServices", "..\ScribblerServices\ScribblerServices.csproj", "{7642E562-01BF-4385-B821-7B1637BAEDA1}"
EndProject
Global
	GlobalSection(SolutionConfigurationPlatforms) = preSolution
		Debug|Any CPU = Debug|Any CPU
		Release|Any CPU = Release|Any CPU
	EndGlobalSection
	GlobalSection(ProjectConfigurationPlatforms) = postSolution
		{90C2F23D-A2DD-4EAB-9923-CAAC83BE5416}.Debug|Any CPU.ActiveCfg = Debug|Any CPU
		{90C2F23D-A2DD-4EAB-9923-CAAC83BE5416}.Debug|Any CPU.Build.0 = Debug|Any CPU
		{90C2F23D-A2DD-4EAB-9923-CAAC83BE5416}.Release|Any CPU.ActiveCfg = Release|Any CPU
		{90C2F23D-A2DD-4EAB-9923-CAAC83BE5416}.Release|Any CPU.Build.0 = Release|Any CPU
		{7642E562-01BF-4385-B821-7B1637BAEDA1}.Debug|Any CPU.ActiveCfg = Debug|Any CPU
		{7642E562-01BF-4385-B821-7B1637BAEDA1}.Debug|Any CPU.Build.0 = Debug|Any CPU
		{7642E562-01BF-4385-B821-7B1637BAEDA1}.Release|Any CPU.ActiveCfg = Release|Any CPU
		{7642E562-01BF-4385-B821-7B1637BAEDA1}.Release|Any CPU.Build.0 = Release|Any CPU
	EndGlobalSection
	GlobalSection(SolutionProperties) = preSolution
		HideSolutionNode = FALSE
	EndGlobalSection
EndGlobal
