
Microsoft Visual Studio Solution File, Format Version 10.00
# Visual C# Express 2008
Project("{FAE04EC0-301F-11D3-BF4B-00C04F79EFBC}") = "Serial", "Serial.csproj", "{AD7917B1-942D-4E5D-A99B-DDC9EECF4026}"
EndProject
Global
	GlobalSection(SolutionConfigurationPlatforms) = preSolution
		Debug|Any CPU = Debug|Any CPU
		Release|Any CPU = Release|Any CPU
	EndGlobalSection
	GlobalSection(ProjectConfigurationPlatforms) = postSolution
		{AD7917B1-942D-4E5D-A99B-DDC9EECF4026}.Debug|Any CPU.ActiveCfg = Debug|Any CPU
		{AD7917B1-942D-4E5D-A99B-DDC9EECF4026}.Debug|Any CPU.Build.0 = Debug|Any CPU
		{AD7917B1-942D-4E5D-A99B-DDC9EECF4026}.Release|Any CPU.ActiveCfg = Release|Any CPU
		{AD7917B1-942D-4E5D-A99B-DDC9EECF4026}.Release|Any CPU.Build.0 = Release|Any CPU
	EndGlobalSection
	GlobalSection(SolutionProperties) = preSolution
		HideSolutionNode = FALSE
	EndGlobalSection
EndGlobal
