Microsoft Visual Studio Solution File, Format Version 9.00
#MonoDevelop
Project("{2150E333-8FDC-42A3-9474-1A3956D46DE8}") = "Foundation", "Foundation", "{CF87268E-AE6C-46DC-BF62-453B23CD8D92}"
EndProject
Project("{FAE04EC0-301F-11D3-BF4B-00C04F79EFBC}") = "IPREFoundationClasses", "./Foundation/IPREFoundationClasses/IPREFoundationClasses/IPREFoundationClasses.csproj", "{6797FAE4-297B-4316-AE6E-79323CA021D1}"
	ProjectSection(ProjectDependencies) = postProject
		{10F348D6-EEE4-42B5-B79E-4C6FC4ACD6B4} = {10F348D6-EEE4-42B5-B79E-4C6FC4ACD6B4}
		{D51EF979-B187-4475-A0BC-4D1938CF18FC} = {D51EF979-B187-4475-A0BC-4D1938CF18FC}
	EndProjectSection
EndProject
Project("{FAE04EC0-301F-11D3-BF4B-00C04F79EFBC}") = "MyroInterfaces", "./Foundation/MyroInterfaces/MyroInterfaces.csproj", "{0640A223-E43A-46D8-8CAD-45539580E739}"
EndProject
Project("{2150E333-8FDC-42A3-9474-1A3956D46DE8}") = "IPREGenericContracts", "IPREGenericContracts", "{495B6D00-9396-4A71-B858-70E9CA931E49}"
EndProject
Project("{FAE04EC0-301F-11D3-BF4B-00C04F79EFBC}") = "ToneGenerator", "./Foundation/IPREGenericContracts/ToneGenerator/ToneGenerator.csproj", "{D51EF979-B187-4475-A0BC-4D1938CF18FC}"
EndProject
Project("{FAE04EC0-301F-11D3-BF4B-00C04F79EFBC}") = "LEDarray", "./Foundation/IPREGenericContracts/LEDarray/LEDarray.csproj", "{10F348D6-EEE4-42B5-B79E-4C6FC4ACD6B4}"
EndProject
Project("{FAE04EC0-301F-11D3-BF4B-00C04F79EFBC}") = "MyProgram", "./Foundation/IPREFoundationClasses/MyProgram/MyProgram.csproj", "{66AAF414-471B-46F0-BD0B-90F1A3D26D65}"
EndProject
Project("{2150E333-8FDC-42A3-9474-1A3956D46DE8}") = "NXT", "NXT", "{5054A35F-8B43-483E-B822-4CEE2069A04A}"
EndProject
Project("{FAE04EC0-301F-11D3-BF4B-00C04F79EFBC}") = "LegoNxt", "./NXT/LegoNXT/LegoNxt.csproj", "{63B90ACF-7610-4109-AA79-0842F7FAA290}"
EndProject
Project("{FAE04EC0-301F-11D3-BF4B-00C04F79EFBC}") = "LegoNXTServices", "./NXT/LegoNXTServices/LegoNXTServices.csproj", "{885CB38B-B7F4-4F82-A540-C79BA8CAAF24}"
	ProjectSection(ProjectDependencies) = postProject
		{63B90ACF-7610-4109-AA79-0842F7FAA290} = {63B90ACF-7610-4109-AA79-0842F7FAA290}
	EndProjectSection
EndProject
Project("{FAE04EC0-301F-11D3-BF4B-00C04F79EFBC}") = "LegoHelper", "./NXT/LegoNXT/LegoHelper/LegoHelper.csproj", "{F2AC37DB-CA61-4BA0-ADA2-BFB60918074B}"
EndProject
Project("{2150E333-8FDC-42A3-9474-1A3956D46DE8}") = "Scribbler", "Scribbler", "{19F10735-031A-4093-B571-4C2A7B0766F7}"
EndProject
Project("{FAE04EC0-301F-11D3-BF4B-00C04F79EFBC}") = "ScribblerBase", "./Scribbler/Scribbler/ScribblerBase/ScribblerBase.csproj", "{90C2F23D-A2DD-4EAB-9923-CAAC83BE5416}"
	ProjectSection(ProjectDependencies) = postProject
		{0640A223-E43A-46D8-8CAD-45539580E739} = {0640A223-E43A-46D8-8CAD-45539580E739}
	EndProjectSection
EndProject
Project("{FAE04EC0-301F-11D3-BF4B-00C04F79EFBC}") = "ScribblerServices", "./Scribbler/Scribbler/ScribblerServices/ScribblerServices.csproj", "{7642E562-01BF-4385-B821-7B1637BAEDA1}"
	ProjectSection(ProjectDependencies) = postProject
		{0640A223-E43A-46D8-8CAD-45539580E739} = {0640A223-E43A-46D8-8CAD-45539580E739}
		{90C2F23D-A2DD-4EAB-9923-CAAC83BE5416} = {90C2F23D-A2DD-4EAB-9923-CAAC83BE5416}
		{D51EF979-B187-4475-A0BC-4D1938CF18FC} = {D51EF979-B187-4475-A0BC-4D1938CF18FC}
		{10F348D6-EEE4-42B5-B79E-4C6FC4ACD6B4} = {10F348D6-EEE4-42B5-B79E-4C6FC4ACD6B4}
	EndProjectSection
EndProject
Project("{FAE04EC0-301F-11D3-BF4B-00C04F79EFBC}") = "ScribblerSim", "./Scribbler/Scribbler/ScribblerSim/ScribblerSim.csproj", "{1219794A-FE7D-4312-B9A0-4877ACE3F7AC}"
	ProjectSection(ProjectDependencies) = postProject
		{90C2F23D-A2DD-4EAB-9923-CAAC83BE5416} = {90C2F23D-A2DD-4EAB-9923-CAAC83BE5416}
		{7642E562-01BF-4385-B821-7B1637BAEDA1} = {7642E562-01BF-4385-B821-7B1637BAEDA1}
	EndProjectSection
EndProject
Project("{2150E333-8FDC-42A3-9474-1A3956D46DE8}") = "Examples", "Examples", "{CB2958A9-6C62-4B9B-B9BB-4B23382AB470}"
EndProject
Project("{FAE04EC0-301F-11D3-BF4B-00C04F79EFBC}") = "DrawSquare", "./Scribbler/Scribbler/Examples/DrawSquare/DrawSquare.csproj", "{598141C4-8400-4A9C-8B03-22B4EB84D54E}"
	ProjectSection(ProjectDependencies) = postProject
		{90C2F23D-A2DD-4EAB-9923-CAAC83BE5416} = {90C2F23D-A2DD-4EAB-9923-CAAC83BE5416}
		{1219794A-FE7D-4312-B9A0-4877ACE3F7AC} = {1219794A-FE7D-4312-B9A0-4877ACE3F7AC}
		{7642E562-01BF-4385-B821-7B1637BAEDA1} = {7642E562-01BF-4385-B821-7B1637BAEDA1}
	EndProjectSection
EndProject
Project("{FAE04EC0-301F-11D3-BF4B-00C04F79EFBC}") = "LightSeek", "./Scribbler/Scribbler/Examples/LightSeek/LightSeek.csproj", "{A62B8BB6-C2A9-4A5B-AA1B-3651781C022D}"
	ProjectSection(ProjectDependencies) = postProject
		{90C2F23D-A2DD-4EAB-9923-CAAC83BE5416} = {90C2F23D-A2DD-4EAB-9923-CAAC83BE5416}
		{1219794A-FE7D-4312-B9A0-4877ACE3F7AC} = {1219794A-FE7D-4312-B9A0-4877ACE3F7AC}
		{7642E562-01BF-4385-B821-7B1637BAEDA1} = {7642E562-01BF-4385-B821-7B1637BAEDA1}
	EndProjectSection
EndProject
Project("{FAE04EC0-301F-11D3-BF4B-00C04F79EFBC}") = "Wander", "./Scribbler/Scribbler/Examples/Wander/Wander.csproj", "{E5444A95-1706-4130-B9E6-0E431A3159CA}"
	ProjectSection(ProjectDependencies) = postProject
		{90C2F23D-A2DD-4EAB-9923-CAAC83BE5416} = {90C2F23D-A2DD-4EAB-9923-CAAC83BE5416}
		{1219794A-FE7D-4312-B9A0-4877ACE3F7AC} = {1219794A-FE7D-4312-B9A0-4877ACE3F7AC}
		{7642E562-01BF-4385-B821-7B1637BAEDA1} = {7642E562-01BF-4385-B821-7B1637BAEDA1}
	EndProjectSection
EndProject
Project("{FAE04EC0-301F-11D3-BF4B-00C04F79EFBC}") = "ScribblerControl", "./Scribbler/Scribbler/ScribblerControl/ScribblerControl.csproj", "{F3F12AD9-007D-4C53-AE73-0D4C5131D7A1}"
	ProjectSection(ProjectDependencies) = postProject
		{0640A223-E43A-46D8-8CAD-45539580E739} = {0640A223-E43A-46D8-8CAD-45539580E739}
		{90C2F23D-A2DD-4EAB-9923-CAAC83BE5416} = {90C2F23D-A2DD-4EAB-9923-CAAC83BE5416}
	EndProjectSection
EndProject
Project("{2150E333-8FDC-42A3-9474-1A3956D46DE8}") = "Surveyor", "Surveyor", "{7F2CD1F8-71F9-48FE-91A2-0A4E82FE08D5}"
EndProject
Project("{2150E333-8FDC-42A3-9474-1A3956D46DE8}") = "SRV-1", "SRV-1", "{747F892D-15C4-437A-90AD-E11EA141ACCA}"
EndProject
Project("{2150E333-8FDC-42A3-9474-1A3956D46DE8}") = "Srv1", "Srv1", "{F93C1218-7385-44F8-A2A4-469A2AEEAD09}"
EndProject
Project("{FAE04EC0-301F-11D3-BF4B-00C04F79EFBC}") = "Srv1", "./Surveyor/SRV-1/Srv1/Srv1.csproj", "{E4E385C1-6E93-4486-97E0-50DB87792A71}"
EndProject
Project("{2150E333-8FDC-42A3-9474-1A3956D46DE8}") = "Srv1Controller", "Srv1Controller", "{1A6943A3-C747-4F2A-8FAB-BE2357606D30}"
EndProject
Project("{FAE04EC0-301F-11D3-BF4B-00C04F79EFBC}") = "Srv1Controller", "./Surveyor/SRV-1/Srv1Controller/Srv1Controller.csproj", "{C36EC4F2-1830-43D4-AD8D-30120E272E41}"
EndProject
Project("{2150E333-8FDC-42A3-9474-1A3956D46DE8}") = "Srv1Services", "Srv1Services", "{1F849172-0F74-4B29-9E24-02035B1987F7}"
EndProject
Project("{FAE04EC0-301F-11D3-BF4B-00C04F79EFBC}") = "SurveyorSrv1Services", "./Surveyor/SRV-1/Srv1Services/SurveyorSrv1Services.csproj", "{A585257E-673D-4636-90F7-24AEB8E218A8}"
EndProject
Global
	GlobalSection(SolutionConfigurationPlatforms) = preSolution
		Debug|Any CPU = Debug|Any CPU
		Release|Any CPU = Release|Any CPU
	EndGlobalSection
	GlobalSection(ProjectConfigurationPlatforms) = postSolution
		{0640A223-E43A-46D8-8CAD-45539580E739}.Debug|Any CPU.ActiveCfg = Debug|Any CPU
		{0640A223-E43A-46D8-8CAD-45539580E739}.Debug|Any CPU.Build.0 = Debug|Any CPU
		{0640A223-E43A-46D8-8CAD-45539580E739}.Release|Any CPU.ActiveCfg = Release|Any CPU
		{10F348D6-EEE4-42B5-B79E-4C6FC4ACD6B4}.Debug|Any CPU.ActiveCfg = Debug|Any CPU
		{10F348D6-EEE4-42B5-B79E-4C6FC4ACD6B4}.Debug|Any CPU.Build.0 = Debug|Any CPU
		{10F348D6-EEE4-42B5-B79E-4C6FC4ACD6B4}.Release|Any CPU.ActiveCfg = Release|Any CPU
		{1219794A-FE7D-4312-B9A0-4877ACE3F7AC}.Debug|Any CPU.ActiveCfg = Debug|Any CPU
		{1219794A-FE7D-4312-B9A0-4877ACE3F7AC}.Debug|Any CPU.Build.0 = Debug|Any CPU
		{1219794A-FE7D-4312-B9A0-4877ACE3F7AC}.Release|Any CPU.ActiveCfg = Release|Any CPU
		{1219794A-FE7D-4312-B9A0-4877ACE3F7AC}.Release|Any CPU.Build.0 = Release|Any CPU
		{598141C4-8400-4A9C-8B03-22B4EB84D54E}.Debug|Any CPU.ActiveCfg = Debug|Any CPU
		{598141C4-8400-4A9C-8B03-22B4EB84D54E}.Debug|Any CPU.Build.0 = Debug|Any CPU
		{598141C4-8400-4A9C-8B03-22B4EB84D54E}.Release|Any CPU.ActiveCfg = Release|Any CPU
		{598141C4-8400-4A9C-8B03-22B4EB84D54E}.Release|Any CPU.Build.0 = Release|Any CPU
		{63B90ACF-7610-4109-AA79-0842F7FAA290}.Debug|Any CPU.ActiveCfg = Debug|Any CPU
		{63B90ACF-7610-4109-AA79-0842F7FAA290}.Debug|Any CPU.Build.0 = Debug|Any CPU
		{63B90ACF-7610-4109-AA79-0842F7FAA290}.Release|Any CPU.ActiveCfg = Release|Any CPU
		{63B90ACF-7610-4109-AA79-0842F7FAA290}.Release|Any CPU.Build.0 = Release|Any CPU
		{66AAF414-471B-46F0-BD0B-90F1A3D26D65}.Debug|Any CPU.ActiveCfg = Debug|Any CPU
		{66AAF414-471B-46F0-BD0B-90F1A3D26D65}.Debug|Any CPU.Build.0 = Debug|Any CPU
		{66AAF414-471B-46F0-BD0B-90F1A3D26D65}.Release|Any CPU.ActiveCfg = Release|Any CPU
		{66AAF414-471B-46F0-BD0B-90F1A3D26D65}.Release|Any CPU.Build.0 = Release|Any CPU
		{6797FAE4-297B-4316-AE6E-79323CA021D1}.Debug|Any CPU.ActiveCfg = Debug|Any CPU
		{6797FAE4-297B-4316-AE6E-79323CA021D1}.Debug|Any CPU.Build.0 = Debug|Any CPU
		{6797FAE4-297B-4316-AE6E-79323CA021D1}.Release|Any CPU.ActiveCfg = Release|Any CPU
		{7642E562-01BF-4385-B821-7B1637BAEDA1}.Debug|Any CPU.ActiveCfg = Debug|Any CPU
		{7642E562-01BF-4385-B821-7B1637BAEDA1}.Debug|Any CPU.Build.0 = Debug|Any CPU
		{7642E562-01BF-4385-B821-7B1637BAEDA1}.Release|Any CPU.ActiveCfg = Release|Any CPU
		{7642E562-01BF-4385-B821-7B1637BAEDA1}.Release|Any CPU.Build.0 = Release|Any CPU
		{885CB38B-B7F4-4F82-A540-C79BA8CAAF24}.Debug|Any CPU.ActiveCfg = Debug|Any CPU
		{885CB38B-B7F4-4F82-A540-C79BA8CAAF24}.Debug|Any CPU.Build.0 = Debug|Any CPU
		{885CB38B-B7F4-4F82-A540-C79BA8CAAF24}.Release|Any CPU.ActiveCfg = Release|Any CPU
		{885CB38B-B7F4-4F82-A540-C79BA8CAAF24}.Release|Any CPU.Build.0 = Release|Any CPU
		{90C2F23D-A2DD-4EAB-9923-CAAC83BE5416}.Debug|Any CPU.ActiveCfg = Debug|Any CPU
		{90C2F23D-A2DD-4EAB-9923-CAAC83BE5416}.Debug|Any CPU.Build.0 = Debug|Any CPU
		{90C2F23D-A2DD-4EAB-9923-CAAC83BE5416}.Release|Any CPU.ActiveCfg = Release|Any CPU
		{90C2F23D-A2DD-4EAB-9923-CAAC83BE5416}.Release|Any CPU.Build.0 = Release|Any CPU
		{A585257E-673D-4636-90F7-24AEB8E218A8}.Debug|Any CPU.ActiveCfg = Debug|Any CPU
		{A585257E-673D-4636-90F7-24AEB8E218A8}.Debug|Any CPU.Build.0 = Debug|Any CPU
		{A585257E-673D-4636-90F7-24AEB8E218A8}.Release|Any CPU.ActiveCfg = Release|Any CPU
		{A585257E-673D-4636-90F7-24AEB8E218A8}.Release|Any CPU.Build.0 = Release|Any CPU
		{A62B8BB6-C2A9-4A5B-AA1B-3651781C022D}.Debug|Any CPU.ActiveCfg = Debug|Any CPU
		{A62B8BB6-C2A9-4A5B-AA1B-3651781C022D}.Debug|Any CPU.Build.0 = Debug|Any CPU
		{A62B8BB6-C2A9-4A5B-AA1B-3651781C022D}.Release|Any CPU.ActiveCfg = Release|Any CPU
		{A62B8BB6-C2A9-4A5B-AA1B-3651781C022D}.Release|Any CPU.Build.0 = Release|Any CPU
		{C36EC4F2-1830-43D4-AD8D-30120E272E41}.Debug|Any CPU.ActiveCfg = Debug|Any CPU
		{C36EC4F2-1830-43D4-AD8D-30120E272E41}.Debug|Any CPU.Build.0 = Debug|Any CPU
		{C36EC4F2-1830-43D4-AD8D-30120E272E41}.Release|Any CPU.ActiveCfg = Release|Any CPU
		{C36EC4F2-1830-43D4-AD8D-30120E272E41}.Release|Any CPU.Build.0 = Release|Any CPU
		{D51EF979-B187-4475-A0BC-4D1938CF18FC}.Debug|Any CPU.ActiveCfg = Debug|Any CPU
		{D51EF979-B187-4475-A0BC-4D1938CF18FC}.Debug|Any CPU.Build.0 = Debug|Any CPU
		{D51EF979-B187-4475-A0BC-4D1938CF18FC}.Release|Any CPU.ActiveCfg = Release|Any CPU
		{E4E385C1-6E93-4486-97E0-50DB87792A71}.Debug|Any CPU.ActiveCfg = Debug|Any CPU
		{E4E385C1-6E93-4486-97E0-50DB87792A71}.Debug|Any CPU.Build.0 = Debug|Any CPU
		{E4E385C1-6E93-4486-97E0-50DB87792A71}.Release|Any CPU.ActiveCfg = Release|Any CPU
		{E4E385C1-6E93-4486-97E0-50DB87792A71}.Release|Any CPU.Build.0 = Release|Any CPU
		{E5444A95-1706-4130-B9E6-0E431A3159CA}.Debug|Any CPU.ActiveCfg = Debug|Any CPU
		{E5444A95-1706-4130-B9E6-0E431A3159CA}.Debug|Any CPU.Build.0 = Debug|Any CPU
		{E5444A95-1706-4130-B9E6-0E431A3159CA}.Release|Any CPU.ActiveCfg = Release|Any CPU
		{E5444A95-1706-4130-B9E6-0E431A3159CA}.Release|Any CPU.Build.0 = Release|Any CPU
		{F2AC37DB-CA61-4BA0-ADA2-BFB60918074B}.Debug|Any CPU.ActiveCfg = Debug|Any CPU
		{F2AC37DB-CA61-4BA0-ADA2-BFB60918074B}.Debug|Any CPU.Build.0 = Debug|Any CPU
		{F2AC37DB-CA61-4BA0-ADA2-BFB60918074B}.Release|Any CPU.ActiveCfg = Release|Any CPU
		{F2AC37DB-CA61-4BA0-ADA2-BFB60918074B}.Release|Any CPU.Build.0 = Release|Any CPU
		{F3F12AD9-007D-4C53-AE73-0D4C5131D7A1}.Debug|Any CPU.ActiveCfg = Debug|Any CPU
		{F3F12AD9-007D-4C53-AE73-0D4C5131D7A1}.Debug|Any CPU.Build.0 = Debug|Any CPU
		{F3F12AD9-007D-4C53-AE73-0D4C5131D7A1}.Release|Any CPU.ActiveCfg = Release|Any CPU
		{F3F12AD9-007D-4C53-AE73-0D4C5131D7A1}.Release|Any CPU.Build.0 = Release|Any CPU
	EndGlobalSection
	GlobalSection(NestedProjects) = preSolution
		{D51EF979-B187-4475-A0BC-4D1938CF18FC} = {495B6D00-9396-4A71-B858-70E9CA931E49}
		{10F348D6-EEE4-42B5-B79E-4C6FC4ACD6B4} = {495B6D00-9396-4A71-B858-70E9CA931E49}
		{6797FAE4-297B-4316-AE6E-79323CA021D1} = {CF87268E-AE6C-46DC-BF62-453B23CD8D92}
		{0640A223-E43A-46D8-8CAD-45539580E739} = {CF87268E-AE6C-46DC-BF62-453B23CD8D92}
		{495B6D00-9396-4A71-B858-70E9CA931E49} = {CF87268E-AE6C-46DC-BF62-453B23CD8D92}
		{66AAF414-471B-46F0-BD0B-90F1A3D26D65} = {CF87268E-AE6C-46DC-BF62-453B23CD8D92}
		{63B90ACF-7610-4109-AA79-0842F7FAA290} = {5054A35F-8B43-483E-B822-4CEE2069A04A}
		{885CB38B-B7F4-4F82-A540-C79BA8CAAF24} = {5054A35F-8B43-483E-B822-4CEE2069A04A}
		{F2AC37DB-CA61-4BA0-ADA2-BFB60918074B} = {5054A35F-8B43-483E-B822-4CEE2069A04A}
		{598141C4-8400-4A9C-8B03-22B4EB84D54E} = {CB2958A9-6C62-4B9B-B9BB-4B23382AB470}
		{A62B8BB6-C2A9-4A5B-AA1B-3651781C022D} = {CB2958A9-6C62-4B9B-B9BB-4B23382AB470}
		{E5444A95-1706-4130-B9E6-0E431A3159CA} = {CB2958A9-6C62-4B9B-B9BB-4B23382AB470}
		{90C2F23D-A2DD-4EAB-9923-CAAC83BE5416} = {19F10735-031A-4093-B571-4C2A7B0766F7}
		{7642E562-01BF-4385-B821-7B1637BAEDA1} = {19F10735-031A-4093-B571-4C2A7B0766F7}
		{1219794A-FE7D-4312-B9A0-4877ACE3F7AC} = {19F10735-031A-4093-B571-4C2A7B0766F7}
		{CB2958A9-6C62-4B9B-B9BB-4B23382AB470} = {19F10735-031A-4093-B571-4C2A7B0766F7}
		{F3F12AD9-007D-4C53-AE73-0D4C5131D7A1} = {19F10735-031A-4093-B571-4C2A7B0766F7}
		{E4E385C1-6E93-4486-97E0-50DB87792A71} = {F93C1218-7385-44F8-A2A4-469A2AEEAD09}
		{C36EC4F2-1830-43D4-AD8D-30120E272E41} = {1A6943A3-C747-4F2A-8FAB-BE2357606D30}
		{A585257E-673D-4636-90F7-24AEB8E218A8} = {1F849172-0F74-4B29-9E24-02035B1987F7}
		{F93C1218-7385-44F8-A2A4-469A2AEEAD09} = {747F892D-15C4-437A-90AD-E11EA141ACCA}
		{1A6943A3-C747-4F2A-8FAB-BE2357606D30} = {747F892D-15C4-437A-90AD-E11EA141ACCA}
		{1F849172-0F74-4B29-9E24-02035B1987F7} = {747F892D-15C4-437A-90AD-E11EA141ACCA}
		{747F892D-15C4-437A-90AD-E11EA141ACCA} = {7F2CD1F8-71F9-48FE-91A2-0A4E82FE08D5}
	EndGlobalSection
	GlobalSection(SolutionProperties) = preSolution
		HideSolutionNode = FALSE
	EndGlobalSection
EndGlobal
