
Microsoft Visual Studio Solution File, Format Version 10.00
# Visual Studio 2008
Project("{FAE04EC0-301F-11D3-BF4B-00C04F79EFBC}") = "MyProgram", "Foundation\IPREFoundationClasses\MyProgram\MyProgram.csproj", "{66AAF414-471B-46F0-BD0B-90F1A3D26D65}"
EndProject
Project("{2150E333-8FDC-42A3-9474-1A3956D46DE8}") = "Demos", "Demos", "{63C7CC9B-D217-4439-9A83-8C5A440C011F}"
EndProject
Project("{FAE04EC0-301F-11D3-BF4B-00C04F79EFBC}") = "SimTestSuite", "Demos\SimTestSuite\SimTestSuite.csproj", "{FFA6E712-D390-445B-8A74-D607C9C0BE64}"
EndProject
Global
	GlobalSection(SolutionConfigurationPlatforms) = preSolution
		Debug|Any CPU = Debug|Any CPU
		Release|Any CPU = Release|Any CPU
	EndGlobalSection
	GlobalSection(ProjectConfigurationPlatforms) = postSolution
		{66AAF414-471B-46F0-BD0B-90F1A3D26D65}.Debug|Any CPU.ActiveCfg = Debug|Any CPU
		{66AAF414-471B-46F0-BD0B-90F1A3D26D65}.Debug|Any CPU.Build.0 = Debug|Any CPU
		{66AAF414-471B-46F0-BD0B-90F1A3D26D65}.Release|Any CPU.ActiveCfg = Release|Any CPU
		{66AAF414-471B-46F0-BD0B-90F1A3D26D65}.Release|Any CPU.Build.0 = Release|Any CPU
		{FFA6E712-D390-445B-8A74-D607C9C0BE64}.Debug|Any CPU.ActiveCfg = Debug|Any CPU
		{FFA6E712-D390-445B-8A74-D607C9C0BE64}.Debug|Any CPU.Build.0 = Debug|Any CPU
		{FFA6E712-D390-445B-8A74-D607C9C0BE64}.Release|Any CPU.ActiveCfg = Release|Any CPU
		{FFA6E712-D390-445B-8A74-D607C9C0BE64}.Release|Any CPU.Build.0 = Release|Any CPU
	EndGlobalSection
	GlobalSection(SolutionProperties) = preSolution
		HideSolutionNode = FALSE
	EndGlobalSection
	GlobalSection(NestedProjects) = preSolution
		{FFA6E712-D390-445B-8A74-D607C9C0BE64} = {63C7CC9B-D217-4439-9A83-8C5A440C011F}
	EndGlobalSection
EndGlobal
