Microsoft Visual Studio Solution File, Format Version 10.00
# Visual Studio 2008
Project("{2150E333-8FDC-42A3-9474-1A3956D46DE8}") = "Services", "Services", "{9A996F58-D2C2-4486-92D4-1F95CC60A210}"
EndProject
Project("{FAE04EC0-301F-11D3-BF4B-00C04F79EFBC}") = "ScribblerBase", "Services\Scribbler\ScribblerBase\ScribblerBase.csproj", "{90C2F23D-A2DD-4EAB-9923-CAAC83BE5416}"
EndProject
Project("{FAE04EC0-301F-11D3-BF4B-00C04F79EFBC}") = "ScribblerSim", "Services\Scribbler\ScribblerSim\ScribblerSim.csproj", "{1219794A-FE7D-4312-B9A0-4877ACE3F7AC}"
EndProject
Project("{FAE04EC0-301F-11D3-BF4B-00C04F79EFBC}") = "ScribblerServices", "Services\Scribbler\ScribblerServices\ScribblerServices.csproj", "{7642E562-01BF-4385-B821-7B1637BAEDA1}"
	ProjectSection(ProjectDependencies) = postProject
		{90C2F23D-A2DD-4EAB-9923-CAAC83BE5416} = {90C2F23D-A2DD-4EAB-9923-CAAC83BE5416}
		{6BF981B1-88CF-4497-967D-0E4F39F5B440} = {6BF981B1-88CF-4497-967D-0E4F39F5B440}
	EndProjectSection
EndProject
Project("{2150E333-8FDC-42A3-9474-1A3956D46DE8}") = "Scribbler", "Scribbler", "{2DFFEA88-4C49-41C6-9BE1-1E470E43E406}"
EndProject
Project("{2150E333-8FDC-42A3-9474-1A3956D46DE8}") = "Generic", "Generic", "{DB437846-490E-49E4-983B-A5E7AFAEB071}"
EndProject
Project("{FAE04EC0-301F-11D3-BF4B-00C04F79EFBC}") = "Vector", "Services\Generic\Vector\Vector.csproj", "{6BF981B1-88CF-4497-967D-0E4F39F5B440}"
EndProject
Project("{FAE04EC0-301F-11D3-BF4B-00C04F79EFBC}") = "Utilities", "Utilities\Utilities.csproj", "{481FEFE3-E033-464C-A1D4-7C95C5AC95C5}"
EndProject
Project("{FAE04EC0-301F-11D3-BF4B-00C04F79EFBC}") = "Adapters", "Adapters\Adapters.csproj", "{01EDA09F-EDD7-488F-B512-48FA7E32AAB2}"
	ProjectSection(ProjectDependencies) = postProject
		{7642E562-01BF-4385-B821-7B1637BAEDA1} = {7642E562-01BF-4385-B821-7B1637BAEDA1}
		{6BF981B1-88CF-4497-967D-0E4F39F5B440} = {6BF981B1-88CF-4497-967D-0E4F39F5B440}
	EndProjectSection
EndProject
Project("{2150E333-8FDC-42A3-9474-1A3956D46DE8}") = "GUI", "GUI", "{B6585165-7DA4-47D0-8B83-AFCF6F6AE4BF}"
EndProject
Project("{FAE04EC0-301F-11D3-BF4B-00C04F79EFBC}") = "MyroWPFControls", "GUI\MyroWPFControls\MyroWPFControls.csproj", "{957BB0C6-567B-47E3-8754-0FD14B35ACCC}"
	ProjectSection(ProjectDependencies) = postProject
		{2B91A604-A8BE-43DD-8A44-60B735C11184} = {2B91A604-A8BE-43DD-8A44-60B735C11184}
	EndProjectSection
EndProject
Project("{FAE04EC0-301F-11D3-BF4B-00C04F79EFBC}") = "SimpleIDE", "GUI\SimpleIDE\SimpleIDE.csproj", "{81B3CA9F-6F49-408D-84D9-4427B710836E}"
EndProject
Project("{2150E333-8FDC-42A3-9474-1A3956D46DE8}") = "Frontend", "Frontend", "{425F3C48-CE4B-4FBB-9A61-0097D76B3CFB}"
EndProject
Project("{57B76CF8-F148-40C5-BE9B-5C5EFB1ACA14}") = "Python", "Frontend\Python\Python.pyproj", "{5F60C63E-FDA5-4924-AAD8-57BD896B6D9F}"
EndProject
Project("{FAE04EC0-301F-11D3-BF4B-00C04F79EFBC}") = "CloseableTabItemDemo", "GUI\CloseableTabItemDemo\CloseableTabItemDemo.csproj", "{A85D297F-260F-4E55-8E7A-E03D24A2625D}"
EndProject
Project("{FAE04EC0-301F-11D3-BF4B-00C04F79EFBC}") = "GameController", "Services\GameController\GameController.csproj", "{2B91A604-A8BE-43DD-8A44-60B735C11184}"
EndProject
Project("{FAE04EC0-301F-11D3-BF4B-00C04F79EFBC}") = "Robot", "Frontend\Robot\Robot.csproj", "{4A2F2891-310B-4690-8224-20C58A6676E2}"
EndProject
Project("{2150E333-8FDC-42A3-9474-1A3956D46DE8}") = "Setup", "Setup", "{37989386-EFD2-4D4F-AA76-DE550C10ADCD}"
EndProject
Project("{54435603-DBB4-11D2-8724-00A0C9A8B90C}") = "Setup", "Setup\MSI\Setup.vdproj", "{B6ADE4B6-C314-4058-8214-CCBF7836EA1A}"
	ProjectSection(ProjectDependencies) = postProject
		{33534300-A7FE-428D-850D-DEA75078896E} = {33534300-A7FE-428D-850D-DEA75078896E}
		{2B91A604-A8BE-43DD-8A44-60B735C11184} = {2B91A604-A8BE-43DD-8A44-60B735C11184}
		{90C2F23D-A2DD-4EAB-9923-CAAC83BE5416} = {90C2F23D-A2DD-4EAB-9923-CAAC83BE5416}
		{5F60C63E-FDA5-4924-AAD8-57BD896B6D9F} = {5F60C63E-FDA5-4924-AAD8-57BD896B6D9F}
		{1219794A-FE7D-4312-B9A0-4877ACE3F7AC} = {1219794A-FE7D-4312-B9A0-4877ACE3F7AC}
		{7642E562-01BF-4385-B821-7B1637BAEDA1} = {7642E562-01BF-4385-B821-7B1637BAEDA1}
		{A85D297F-260F-4E55-8E7A-E03D24A2625D} = {A85D297F-260F-4E55-8E7A-E03D24A2625D}
		{4A2F2891-310B-4690-8224-20C58A6676E2} = {4A2F2891-310B-4690-8224-20C58A6676E2}
		{01EDA09F-EDD7-488F-B512-48FA7E32AAB2} = {01EDA09F-EDD7-488F-B512-48FA7E32AAB2}
		{81B3CA9F-6F49-408D-84D9-4427B710836E} = {81B3CA9F-6F49-408D-84D9-4427B710836E}
		{6BF981B1-88CF-4497-967D-0E4F39F5B440} = {6BF981B1-88CF-4497-967D-0E4F39F5B440}
		{957BB0C6-567B-47E3-8754-0FD14B35ACCC} = {957BB0C6-567B-47E3-8754-0FD14B35ACCC}
		{481FEFE3-E033-464C-A1D4-7C95C5AC95C5} = {481FEFE3-E033-464C-A1D4-7C95C5AC95C5}
	EndProjectSection
EndProject
Project("{FAE04EC0-301F-11D3-BF4B-00C04F79EFBC}") = "Library", "Setup\Library\Library.csproj", "{33534300-A7FE-428D-850D-DEA75078896E}"
EndProject
Global
	GlobalSection(SolutionConfigurationPlatforms) = preSolution
		Debug|Any CPU = Debug|Any CPU
		Release|Any CPU = Release|Any CPU
	EndGlobalSection
	GlobalSection(ProjectConfigurationPlatforms) = postSolution
		{90C2F23D-A2DD-4EAB-9923-CAAC83BE5416}.Debug|Any CPU.ActiveCfg = Debug|Any CPU
		{90C2F23D-A2DD-4EAB-9923-CAAC83BE5416}.Debug|Any CPU.Build.0 = Debug|Any CPU
		{90C2F23D-A2DD-4EAB-9923-CAAC83BE5416}.Release|Any CPU.ActiveCfg = Release|Any CPU
		{90C2F23D-A2DD-4EAB-9923-CAAC83BE5416}.Release|Any CPU.Build.0 = Release|Any CPU
		{1219794A-FE7D-4312-B9A0-4877ACE3F7AC}.Debug|Any CPU.ActiveCfg = Debug|Any CPU
		{1219794A-FE7D-4312-B9A0-4877ACE3F7AC}.Debug|Any CPU.Build.0 = Debug|Any CPU
		{1219794A-FE7D-4312-B9A0-4877ACE3F7AC}.Release|Any CPU.ActiveCfg = Release|Any CPU
		{1219794A-FE7D-4312-B9A0-4877ACE3F7AC}.Release|Any CPU.Build.0 = Release|Any CPU
		{7642E562-01BF-4385-B821-7B1637BAEDA1}.Debug|Any CPU.ActiveCfg = Debug|Any CPU
		{7642E562-01BF-4385-B821-7B1637BAEDA1}.Debug|Any CPU.Build.0 = Debug|Any CPU
		{7642E562-01BF-4385-B821-7B1637BAEDA1}.Release|Any CPU.ActiveCfg = Release|Any CPU
		{7642E562-01BF-4385-B821-7B1637BAEDA1}.Release|Any CPU.Build.0 = Release|Any CPU
		{6BF981B1-88CF-4497-967D-0E4F39F5B440}.Debug|Any CPU.ActiveCfg = Debug|Any CPU
		{6BF981B1-88CF-4497-967D-0E4F39F5B440}.Debug|Any CPU.Build.0 = Debug|Any CPU
		{6BF981B1-88CF-4497-967D-0E4F39F5B440}.Release|Any CPU.ActiveCfg = Release|Any CPU
		{6BF981B1-88CF-4497-967D-0E4F39F5B440}.Release|Any CPU.Build.0 = Release|Any CPU
		{481FEFE3-E033-464C-A1D4-7C95C5AC95C5}.Debug|Any CPU.ActiveCfg = Debug|Any CPU
		{481FEFE3-E033-464C-A1D4-7C95C5AC95C5}.Debug|Any CPU.Build.0 = Debug|Any CPU
		{481FEFE3-E033-464C-A1D4-7C95C5AC95C5}.Release|Any CPU.ActiveCfg = Release|Any CPU
		{481FEFE3-E033-464C-A1D4-7C95C5AC95C5}.Release|Any CPU.Build.0 = Release|Any CPU
		{01EDA09F-EDD7-488F-B512-48FA7E32AAB2}.Debug|Any CPU.ActiveCfg = Debug|Any CPU
		{01EDA09F-EDD7-488F-B512-48FA7E32AAB2}.Debug|Any CPU.Build.0 = Debug|Any CPU
		{01EDA09F-EDD7-488F-B512-48FA7E32AAB2}.Release|Any CPU.ActiveCfg = Release|Any CPU
		{01EDA09F-EDD7-488F-B512-48FA7E32AAB2}.Release|Any CPU.Build.0 = Release|Any CPU
		{957BB0C6-567B-47E3-8754-0FD14B35ACCC}.Debug|Any CPU.ActiveCfg = Debug|Any CPU
		{957BB0C6-567B-47E3-8754-0FD14B35ACCC}.Debug|Any CPU.Build.0 = Debug|Any CPU
		{957BB0C6-567B-47E3-8754-0FD14B35ACCC}.Release|Any CPU.ActiveCfg = Release|Any CPU
		{957BB0C6-567B-47E3-8754-0FD14B35ACCC}.Release|Any CPU.Build.0 = Release|Any CPU
		{81B3CA9F-6F49-408D-84D9-4427B710836E}.Debug|Any CPU.ActiveCfg = Debug|Any CPU
		{81B3CA9F-6F49-408D-84D9-4427B710836E}.Debug|Any CPU.Build.0 = Debug|Any CPU
		{81B3CA9F-6F49-408D-84D9-4427B710836E}.Release|Any CPU.ActiveCfg = Release|Any CPU
		{81B3CA9F-6F49-408D-84D9-4427B710836E}.Release|Any CPU.Build.0 = Release|Any CPU
		{5F60C63E-FDA5-4924-AAD8-57BD896B6D9F}.Debug|Any CPU.ActiveCfg = Debug|Any CPU
		{5F60C63E-FDA5-4924-AAD8-57BD896B6D9F}.Debug|Any CPU.Build.0 = Debug|Any CPU
		{5F60C63E-FDA5-4924-AAD8-57BD896B6D9F}.Release|Any CPU.ActiveCfg = Release|Any CPU
		{5F60C63E-FDA5-4924-AAD8-57BD896B6D9F}.Release|Any CPU.Build.0 = Release|Any CPU
		{A85D297F-260F-4E55-8E7A-E03D24A2625D}.Debug|Any CPU.ActiveCfg = Debug|Any CPU
		{A85D297F-260F-4E55-8E7A-E03D24A2625D}.Debug|Any CPU.Build.0 = Debug|Any CPU
		{A85D297F-260F-4E55-8E7A-E03D24A2625D}.Release|Any CPU.ActiveCfg = Release|Any CPU
		{A85D297F-260F-4E55-8E7A-E03D24A2625D}.Release|Any CPU.Build.0 = Release|Any CPU
		{2B91A604-A8BE-43DD-8A44-60B735C11184}.Debug|Any CPU.ActiveCfg = Debug|Any CPU
		{2B91A604-A8BE-43DD-8A44-60B735C11184}.Debug|Any CPU.Build.0 = Debug|Any CPU
		{2B91A604-A8BE-43DD-8A44-60B735C11184}.Release|Any CPU.ActiveCfg = Release|Any CPU
		{2B91A604-A8BE-43DD-8A44-60B735C11184}.Release|Any CPU.Build.0 = Release|Any CPU
		{4A2F2891-310B-4690-8224-20C58A6676E2}.Debug|Any CPU.ActiveCfg = Debug|Any CPU
		{4A2F2891-310B-4690-8224-20C58A6676E2}.Debug|Any CPU.Build.0 = Debug|Any CPU
		{4A2F2891-310B-4690-8224-20C58A6676E2}.Release|Any CPU.ActiveCfg = Release|Any CPU
		{4A2F2891-310B-4690-8224-20C58A6676E2}.Release|Any CPU.Build.0 = Release|Any CPU
		{B6ADE4B6-C314-4058-8214-CCBF7836EA1A}.Debug|Any CPU.ActiveCfg = Debug
		{B6ADE4B6-C314-4058-8214-CCBF7836EA1A}.Release|Any CPU.ActiveCfg = Release
		{B6ADE4B6-C314-4058-8214-CCBF7836EA1A}.Release|Any CPU.Build.0 = Release
		{33534300-A7FE-428D-850D-DEA75078896E}.Debug|Any CPU.ActiveCfg = Debug|Any CPU
		{33534300-A7FE-428D-850D-DEA75078896E}.Debug|Any CPU.Build.0 = Debug|Any CPU
		{33534300-A7FE-428D-850D-DEA75078896E}.Release|Any CPU.ActiveCfg = Release|Any CPU
		{33534300-A7FE-428D-850D-DEA75078896E}.Release|Any CPU.Build.0 = Release|Any CPU
	EndGlobalSection
	GlobalSection(SolutionProperties) = preSolution
		HideSolutionNode = FALSE
	EndGlobalSection
	GlobalSection(NestedProjects) = preSolution
		{2DFFEA88-4C49-41C6-9BE1-1E470E43E406} = {9A996F58-D2C2-4486-92D4-1F95CC60A210}
		{DB437846-490E-49E4-983B-A5E7AFAEB071} = {9A996F58-D2C2-4486-92D4-1F95CC60A210}
		{2B91A604-A8BE-43DD-8A44-60B735C11184} = {9A996F58-D2C2-4486-92D4-1F95CC60A210}
		{1219794A-FE7D-4312-B9A0-4877ACE3F7AC} = {2DFFEA88-4C49-41C6-9BE1-1E470E43E406}
		{7642E562-01BF-4385-B821-7B1637BAEDA1} = {2DFFEA88-4C49-41C6-9BE1-1E470E43E406}
		{90C2F23D-A2DD-4EAB-9923-CAAC83BE5416} = {2DFFEA88-4C49-41C6-9BE1-1E470E43E406}
		{6BF981B1-88CF-4497-967D-0E4F39F5B440} = {DB437846-490E-49E4-983B-A5E7AFAEB071}
		{957BB0C6-567B-47E3-8754-0FD14B35ACCC} = {B6585165-7DA4-47D0-8B83-AFCF6F6AE4BF}
		{81B3CA9F-6F49-408D-84D9-4427B710836E} = {B6585165-7DA4-47D0-8B83-AFCF6F6AE4BF}
		{A85D297F-260F-4E55-8E7A-E03D24A2625D} = {B6585165-7DA4-47D0-8B83-AFCF6F6AE4BF}
		{5F60C63E-FDA5-4924-AAD8-57BD896B6D9F} = {425F3C48-CE4B-4FBB-9A61-0097D76B3CFB}
		{4A2F2891-310B-4690-8224-20C58A6676E2} = {425F3C48-CE4B-4FBB-9A61-0097D76B3CFB}
		{B6ADE4B6-C314-4058-8214-CCBF7836EA1A} = {37989386-EFD2-4D4F-AA76-DE550C10ADCD}
		{33534300-A7FE-428D-850D-DEA75078896E} = {37989386-EFD2-4D4F-AA76-DE550C10ADCD}
	EndGlobalSection
EndGlobal
