
Microsoft Visual Studio Solution File, Format Version 10.00
# Visual Studio 2008
Project("{FAE04EC0-301F-11D3-BF4B-00C04F79EFBC}") = "IronEditor.Engine", "IronEditor.Engine\IronEditor.Engine.csproj", "{59E815AB-F475-4AA8-969B-699120FEEEE8}"
EndProject
Project("{FAE04EC0-301F-11D3-BF4B-00C04F79EFBC}") = "IronEditor.Engine.Tests", "IronEditor.Engine.Tests\IronEditor.Engine.Tests.csproj", "{DEC8BF39-2EED-48A3-8220-A06A7331D579}"
EndProject
Project("{FAE04EC0-301F-11D3-BF4B-00C04F79EFBC}") = "IronEditor.UI.WinForms", "IronEditor.UI.WinForms\IronEditor.UI.WinForms.csproj", "{C098812F-B27C-48A5-8CB6-9D5028F1CFF1}"
EndProject
Global
	GlobalSection(SolutionConfigurationPlatforms) = preSolution
		Debug|Any CPU = Debug|Any CPU
		Release|Any CPU = Release|Any CPU
	EndGlobalSection
	GlobalSection(ProjectConfigurationPlatforms) = postSolution
		{59E815AB-F475-4AA8-969B-699120FEEEE8}.Debug|Any CPU.ActiveCfg = Debug|Any CPU
		{59E815AB-F475-4AA8-969B-699120FEEEE8}.Debug|Any CPU.Build.0 = Debug|Any CPU
		{59E815AB-F475-4AA8-969B-699120FEEEE8}.Release|Any CPU.ActiveCfg = Release|Any CPU
		{59E815AB-F475-4AA8-969B-699120FEEEE8}.Release|Any CPU.Build.0 = Release|Any CPU
		{DEC8BF39-2EED-48A3-8220-A06A7331D579}.Debug|Any CPU.ActiveCfg = Debug|Any CPU
		{DEC8BF39-2EED-48A3-8220-A06A7331D579}.Debug|Any CPU.Build.0 = Debug|Any CPU
		{DEC8BF39-2EED-48A3-8220-A06A7331D579}.Release|Any CPU.ActiveCfg = Release|Any CPU
		{DEC8BF39-2EED-48A3-8220-A06A7331D579}.Release|Any CPU.Build.0 = Release|Any CPU
		{C098812F-B27C-48A5-8CB6-9D5028F1CFF1}.Debug|Any CPU.ActiveCfg = Debug|Any CPU
		{C098812F-B27C-48A5-8CB6-9D5028F1CFF1}.Debug|Any CPU.Build.0 = Debug|Any CPU
		{C098812F-B27C-48A5-8CB6-9D5028F1CFF1}.Release|Any CPU.ActiveCfg = Release|Any CPU
		{C098812F-B27C-48A5-8CB6-9D5028F1CFF1}.Release|Any CPU.Build.0 = Release|Any CPU
	EndGlobalSection
	GlobalSection(SolutionProperties) = preSolution
		HideSolutionNode = FALSE
	EndGlobalSection
EndGlobal
